
Microsoft Visual Studio Solution File, Format Version 10.00
# Visual Studio 2008
Project("{FAE04EC0-301F-11D3-BF4B-00C04F79EFBC}") = "RainbowGlitterDeathSquad", "RainbowGlitterDeathSquad\RainbowGlitterDeathSquad.csproj", "{CCB2E5AE-C670-4FED-BAF3-8546FE27520A}"
EndProject
Global
	GlobalSection(SolutionConfigurationPlatforms) = preSolution
		Debug|Any CPU = Debug|Any CPU
		Release|Any CPU = Release|Any CPU
	EndGlobalSection
	GlobalSection(ProjectConfigurationPlatforms) = postSolution
		{CCB2E5AE-C670-4FED-BAF3-8546FE27520A}.Debug|Any CPU.ActiveCfg = Debug|Any CPU
		{CCB2E5AE-C670-4FED-BAF3-8546FE27520A}.Debug|Any CPU.Build.0 = Debug|Any CPU
		{CCB2E5AE-C670-4FED-BAF3-8546FE27520A}.Release|Any CPU.ActiveCfg = Release|Any CPU
		{CCB2E5AE-C670-4FED-BAF3-8546FE27520A}.Release|Any CPU.Build.0 = Release|Any CPU
	EndGlobalSection
	GlobalSection(SolutionProperties) = preSolution
		HideSolutionNode = FALSE
	EndGlobalSection
EndGlobal
